// !$*UTF8*$!
{
	archiveVersion = 1;
	classes = {
	};
	objectVersion = 46;
	objects = {

/* Begin PBXBuildFile section */
		45E852D21CAE887E00CCC332 /* main.m in Sources */ = {isa = PBXBuildFile; fileRef = 45E852D11CAE887E00CCC332 /* main.m */; };
		45E852D51CAE887E00CCC332 /* AppDelegate.m in Sources */ = {isa = PBXBuildFile; fileRef = 45E852D41CAE887E00CCC332 /* AppDelegate.m */; };
		45E852D81CAE887E00CCC332 /* ViewController.m in Sources */ = {isa = PBXBuildFile; fileRef = 45E852D71CAE887E00CCC332 /* ViewController.m */; };
		45E852DB1CAE887E00CCC332 /* Main.storyboard in Resources */ = {isa = PBXBuildFile; fileRef = 45E852D91CAE887E00CCC332 /* Main.storyboard */; };
		45E852DD1CAE887E00CCC332 /* Assets.xcassets in Resources */ = {isa = PBXBuildFile; fileRef = 45E852DC1CAE887E00CCC332 /* Assets.xcassets */; };
		45E852E01CAE887E00CCC332 /* LaunchScreen.storyboard in Resources */ = {isa = PBXBuildFile; fileRef = 45E852DE1CAE887E00CCC332 /* LaunchScreen.storyboard */; };
/* End PBXBuildFile section */

/* Begin PBXFileReference section */
		45E852CD1CAE887E00CCC332 /* NestedSquare.app */ = {isa = PBXFileReference; explicitFileType = wrapper.application; includeInIndex = 0; path = NestedSquare.app; sourceTree = BUILT_PRODUCTS_DIR; };
		45E852D11CAE887E00CCC332 /* main.m */ = {isa = PBXFileReference; lastKnownFileType = sourcecode.c.objc; path = main.m; sourceTree = "<group>"; };
		45E852D31CAE887E00CCC332 /* AppDelegate.h */ = {isa = PBXFileReference; lastKnownFileType = sourcecode.c.h; path = AppDelegate.h; sourceTree = "<group>"; };
		45E852D41CAE887E00CCC332 /* AppDelegate.m */ = {isa = PBXFileReference; lastKnownFileType = sourcecode.c.objc; path = AppDelegate.m; sourceTree = "<group>"; };
		45E852D61CAE887E00CCC332 /* ViewController.h */ = {isa = PBXFileReference; lastKnownFileType = sourcecode.c.h; path = ViewController.h; sourceTree = "<group>"; };
		45E852D71CAE887E00CCC332 /* ViewController.m */ = {isa = PBXFileReference; lastKnownFileType = sourcecode.c.objc; path = ViewController.m; sourceTree = "<group>"; };
		45E852DA1CAE887E00CCC332 /* Base */ = {isa = PBXFileReference; lastKnownFileType = file.storyboard; name = Base; path = Base.lproj/Main.storyboard; sourceTree = "<group>"; };
		45E852DC1CAE887E00CCC332 /* Assets.xcassets */ = {isa = PBXFileReference; lastKnownFileType = folder.assetcatalog; path = Assets.xcassets; sourceTree = "<group>"; };
		45E852DF1CAE887E00CCC332 /* Base */ = {isa = PBXFileReference; lastKnownFileType = file.storyboard; name = Base; path = Base.lproj/LaunchScreen.storyboard; sourceTree = "<group>"; };
		45E852E11CAE887E00CCC332 /* Info.plist */ = {isa = PBXFileReference; lastKnownFileType = text.plist.xml; path = Info.plist; sourceTree = "<group>"; };
/* End PBXFileReference section */

/* Begin PBXFrameworksBuildPhase section */
		45E852CA1CAE887E00CCC332 /* Frameworks */ = {
			isa = PBXFrameworksBuildPhase;
			buildActionMask = 2147483647;
			files = (
			);
			runOnlyForDeploymentPostprocessing = 0;
		};
/* End PBXFrameworksBuildPhase section */

/* Begin PBXGroup section */
		45E852C41CAE887E00CCC332 = {
			isa = PBXGroup;
			children = (
				45E852CF1CAE887E00CCC332 /* NestedSquare */,
				45E852CE1CAE887E00CCC332 /* Products */,
			);
			sourceTree = "<group>";
		};
		45E852CE1CAE887E00CCC332 /* Products */ = {
			isa = PBXGroup;
			children = (
				45E852CD1CAE887E00CCC332 /* NestedSquare.app */,
			);
			name = Products;
			sourceTree = "<group>";
		};
		45E852CF1CAE887E00CCC332 /* NestedSquare */ = {
			isa = PBXGroup;
			children = (
				45E852D31CAE887E00CCC332 /* AppDelegate.h */,
				45E852D41CAE887E00CCC332 /* AppDelegate.m */,
				45E852D61CAE887E00CCC332 /* ViewController.h */,
				45E852D71CAE887E00CCC332 /* ViewController.m */,
				45E852D91CAE887E00CCC332 /* Main.storyboard */,
				45E852DC1CAE887E00CCC332 /* Assets.xcassets */,
				45E852DE1CAE887E00CCC332 /* LaunchScreen.storyboard */,
				45E852E11CAE887E00CCC332 /* Info.plist */,
				45E852D01CAE887E00CCC332 /* Supporting Files */,
			);
			path = NestedSquare;
			sourceTree = "<group>";
		};
		45E852D01CAE887E00CCC332 /* Supporting Files */ = {
			isa = PBXGroup;
			children = (
				45E852D11CAE887E00CCC332 /* main.m */,
			);
			name = "Supporting Files";
			sourceTree = "<group>";
		};
/* End PBXGroup section */

/* Begin PBXNativeTarget section */
		45E852CC1CAE887E00CCC332 /* NestedSquare */ = {
			isa = PBXNativeTarget;
			buildConfigurationList = 45E852E41CAE887E00CCC332 /* Build configuration list for PBXNativeTarget "NestedSquare" */;
			buildPhases = (
				45E852C91CAE887E00CCC332 /* Sources */,
				45E852CA1CAE887E00CCC332 /* Frameworks */,
				45E852CB1CAE887E00CCC332 /* Resources */,
			);
			buildRules = (
			);
			dependencies = (
			);
			name = NestedSquare;
			productName = NestedSquare;
			productReference = 45E852CD1CAE887E00CCC332 /* NestedSquare.app */;
			productType = "com.apple.product-type.application";
		};
/* End PBXNativeTarget section */

/* Begin PBXProject section */
		45E852C51CAE887E00CCC332 /* Project object */ = {
			isa = PBXProject;
			attributes = {
				LastUpgradeCheck = 0720;
				ORGANIZATIONNAME = "Tin Blanc";
				TargetAttributes = {
					45E852CC1CAE887E00CCC332 = {
						CreatedOnToolsVersion = 7.2;
						DevelopmentTeam = 6TY8547B3M;
					};
				};
			};
			buildConfigurationList = 45E852C81CAE887E00CCC332 /* Build configuration list for PBXProject "NestedSquare" */;
			compatibilityVersion = "Xcode 3.2";
			developmentRegion = English;
			hasScannedForEncodings = 0;
			knownRegions = (
				en,
				Base,
			);
			mainGroup = 45E852C41CAE887E00CCC332;
			productRefGroup = 45E852CE1CAE887E00CCC332 /* Products */;
			projectDirPath = "";
			projectRoot = "";
			targets = (
				45E852CC1CAE887E00CCC332 /* NestedSquare */,
			);
		};
/* End PBXProject section */

/* Begin PBXResourcesBuildPhase section */
		45E852CB1CAE887E00CCC332 /* Resources */ = {
			isa = PBXResourcesBuildPhase;
			buildActionMask = 2147483647;
			files = (
				45E852E01CAE887E00CCC332 /* LaunchScreen.storyboard in Resources */,
				45E852DD1CAE887E00CCC332 /* Assets.xcassets in Resources */,
				45E852DB1CAE887E00CCC332 /* Main.storyboard in Resources */,
			);
			runOnlyForDeploymentPostprocessing = 0;
		};
/* End PBXResourcesBuildPhase section */

/* Begin PBXSourcesBuildPhase section */
		45E852C91CAE887E00CCC332 /* Sources */ = {
			isa = PBXSourcesBuildPhase;
			buildActionMask = 2147483647;
			files = (
				45E852D81CAE887E00CCC332 /* ViewController.m in Sources */,
				45E852D51CAE887E00CCC332 /* AppDelegate.m in Sources */,
				45E852D21CAE887E00CCC332 /* main.m in Sources */,
			);
			runOnlyForDeploymentPostprocessing = 0;
		};
/* End PBXSourcesBuildPhase section */

/* Begin PBXVariantGroup section */
		45E852D91CAE887E00CCC332 /* Main.storyboard */ = {
			isa = PBXVariantGroup;
			children = (
				45E852DA1CAE887E00CCC332 /* Base */,
			);
			name = Main.storyboard;
			sourceTree = "<group>";
		};
		45E852DE1CAE887E00CCC332 /* LaunchScreen.storyboard */ = {
			isa = PBXVariantGroup;
			children = (
				45E852DF1CAE887E00CCC332 /* Base */,
			);
			name = LaunchScreen.storyboard;
			sourceTree = "<group>";
		};
/* End PBXVariantGroup section */

/* Begin XCBuildConfiguration section */
		45E852E21CAE887E00CCC332 /* Debug */ = {
			isa = XCBuildConfiguration;
			buildSettings = {
				ALWAYS_SEARCH_USER_PATHS = NO;
				CLANG_CXX_LANGUAGE_STANDARD = "gnu++0x";
				CLANG_CXX_LIBRARY = "libc++";
				CLANG_ENABLE_MODULES = YES;
				CLANG_ENABLE_OBJC_ARC = YES;
				CLANG_WARN_BOOL_CONVERSION = YES;
				CLANG_WARN_CONSTANT_CONVERSION = YES;
				CLANG_WARN_DIRECT_OBJC_ISA_USAGE = YES_ERROR;
				CLANG_WARN_EMPTY_BODY = YES;
				CLANG_WARN_ENUM_CONVERSION = YES;
				CLANG_WARN_INT_CONVERSION = YES;
				CLANG_WARN_OBJC_ROOT_CLASS = YES_ERROR;
				CLANG_WARN_UNREACHABLE_CODE = YES;
				CLANG_WARN__DUPLICATE_METHOD_MATCH = YES;
				"CODE_SIGN_IDENTITY[sdk=iphoneos*]" = "iPhone Developer";
				COPY_PHASE_STRIP = NO;
				DEBUG_INFORMATION_FORMAT = dwarf;
				ENABLE_STRICT_OBJC_MSGSEND = YES;
				ENABLE_TESTABILITY = YES;
				GCC_C_LANGUAGE_STANDARD = gnu99;
				GCC_DYNAMIC_NO_PIC = NO;
				GCC_NO_COMMON_BLOCKS = YES;
				GCC_OPTIMIZATION_LEVEL = 0;
				GCC_PREPROCESSOR_DEFINITIONS = (
					"DEBUG=1",
					"$(inherited)",
				);
				GCC_WARN_64_TO_32_BIT_CONVERSION = YES;
				GCC_WARN_ABOUT_RETURN_TYPE = YES_ERROR;
				GCC_WARN_UNDECLARED_SELECTOR = YES;
				GCC_WARN_UNINITIALIZED_AUTOS = YES_AGGRESSIVE;
				GCC_WARN_UNUSED_FUNCTION = YES;
				GCC_WARN_UNUSED_VARIABLE = YES;
				IPHONEOS_DEPLOYMENT_TARGET = 9.2;
				MTL_ENABLE_DEBUG_INFO = YES;
				ONLY_ACTIVE_ARCH = YES;
				SDKROOT = iphoneos;
			};
			name = Debug;
		};
		45E852E31CAE887E00CCC332 /* Release */ = {
			isa = XCBuildConfiguration;
			buildSettings = {
				ALWAYS_SEARCH_USER_PATHS = NO;
				CLANG_CXX_LANGUAGE_STANDARD = "gnu++0x";
				CLANG_CXX_LIBRARY = "libc++";
				CLANG_ENABLE_MODULES = YES;
				CLANG_ENABLE_OBJC_ARC = YES;
				CLANG_WARN_BOOL_CONVERSION = YES;
				CLANG_WARN_CONSTANT_CONVERSION = YES;
				CLANG_WARN_DIRECT_OBJC_ISA_USAGE = YES_ERROR;
				CLANG_WARN_EMPTY_BODY = YES;
				CLANG_WARN_ENUM_CONVERSION = YES;
				CLANG_WARN_INT_CONVERSION = YES;
				CLANG_WARN_OBJC_ROOT_CLASS = YES_ERROR;
				CLANG_WARN_UNREACHABLE_CODE = YES;
				CLANG_WARN__DUPLICATE_METHOD_MATCH = YES;
				"CODE_SIGN_IDENTITY[sdk=iphoneos*]" = "iPhone Developer";
				COPY_PHASE_STRIP = NO;
				DEBUG_INFORMATION_FORMAT = "dwarf-with-dsym";
				ENABLE_NS_ASSERTIONS = NO;
				ENABLE_STRICT_OBJC_MSGSEND = YES;
				GCC_C_LANGUAGE_STANDARD = gnu99;
				GCC_NO_COMMON_BLOCKS = YES;
				GCC_WARN_64_TO_32_BIT_CONVERSION = YES;
				GCC_WARN_ABOUT_RETURN_TYPE = YES_ERROR;
				GCC_WARN_UNDECLARED_SELECTOR = YES;
				GCC_WARN_UNINITIALIZED_AUTOS = YES_AGGRESSIVE;
				GCC_WARN_UNUSED_FUNCTION = YES;
				GCC_WARN_UNUSED_VARIABLE = YES;
				IPHONEOS_DEPLOYMENT_TARGET = 9.2;
				MTL_ENABLE_DEBUG_INFO = NO;
				SDKROOT = iphoneos;
				VALIDATE_PRODUCT = YES;
			};
			name = Release;
		};
		45E852E51CAE887E00CCC332 /* Debug */ = {
			isa = XCBuildConfiguration;
			buildSettings = {
				ASSETCATALOG_COMPILER_APPICON_NAME = AppIcon;
				INFOPLIST_FILE = NestedSquare/Info.plist;
				LD_RUNPATH_SEARCH_PATHS = "$(inherited) @executable_path/Frameworks";
				PRODUCT_BUNDLE_IDENTIFIER = vn.techmaster.NestedSquare;
				PRODUCT_NAME = "$(TARGET_NAME)";
			};
			name = Debug;
		};
		45E852E61CAE887E00CCC332 /* Release */ = {
			isa = XCBuildConfiguration;
			buildSettings = {
				ASSETCATALOG_COMPILER_APPICON_NAME = AppIcon;
				INFOPLIST_FILE = NestedSquare/Info.plist;
				LD_RUNPATH_SEARCH_PATHS = "$(inherited) @executable_path/Frameworks";
				PRODUCT_BUNDLE_IDENTIFIER = vn.techmaster.NestedSquare;
				PRODUCT_NAME = "$(TARGET_NAME)";
			};
			name = Release;
		};
/* End XCBuildConfiguration section */

/* Begin XCConfigurationList section */
		45E852C81CAE887E00CCC332 /* Build configuration list for PBXProject "NestedSquare" */ = {
			isa = XCConfigurationList;
			buildConfigurations = (
				45E852E21CAE887E00CCC332 /* Debug */,
				45E852E31CAE887E00CCC332 /* Release */,
			);
			defaultConfigurationIsVisible = 0;
			defaultConfigurationName = Release;
		};
		45E852E41CAE887E00CCC332 /* Build configuration list for PBXNativeTarget "NestedSquare" */ = {
			isa = XCConfigurationList;
			buildConfigurations = (
				45E852E51CAE887E00CCC332 /* Debug */,
				45E852E61CAE887E00CCC332 /* Release */,
			);
			defaultConfigurationIsVisible = 0;
		};
/* End XCConfigurationList section */
	};
	rootObject = 45E852C51CAE887E00CCC332 /* Project object */;
}
